// !$*UTF8*$!
{
	archiveVersion = 1;
	classes = {
	};
	objectVersion = 56;
	objects = {

/* Begin PBXBuildFile section */
		26146EB82C2D41DB001C2B7C /* CompetifitApp.swift in Sources */ = {isa = PBXBuildFile; fileRef = 26146EB72C2D41DB001C2B7C /* CompetifitApp.swift */; };
		26146EBA2C2D41DB001C2B7C /* ContentView.swift in Sources */ = {isa = PBXBuildFile; fileRef = 26146EB92C2D41DB001C2B7C /* ContentView.swift */; };
		26146EBE2C2D41DC001C2B7C /* Assets.xcassets in Resources */ = {isa = PBXBuildFile; fileRef = 26146EBD2C2D41DC001C2B7C /* Assets.xcassets */; };
		26146EC22C2D41DC001C2B7C /* Preview Assets.xcassets in Resources */ = {isa = PBXBuildFile; fileRef = 26146EC12C2D41DC001C2B7C /* Preview Assets.xcassets */; };
		2654FCA42C3015CA00EFFCE3 /* GroupView.swift in Sources */ = {isa = PBXBuildFile; fileRef = 2654FCA32C3015CA00EFFCE3 /* GroupView.swift */; };
		26F50C372C2DD447003A0C48 /* LoginView.swift in Sources */ = {isa = PBXBuildFile; fileRef = 26F50C362C2DD447003A0C48 /* LoginView.swift */; };
		26F50C392C2DD559003A0C48 /* InputView.swift in Sources */ = {isa = PBXBuildFile; fileRef = 26F50C382C2DD559003A0C48 /* InputView.swift */; };
		26F50C3B2C2DD80C003A0C48 /* RegistrationView.swift in Sources */ = {isa = PBXBuildFile; fileRef = 26F50C3A2C2DD80C003A0C48 /* RegistrationView.swift */; };
		26F50C3D2C2DDC25003A0C48 /* ProfileView.swift in Sources */ = {isa = PBXBuildFile; fileRef = 26F50C3C2C2DDC25003A0C48 /* ProfileView.swift */; };
		26F50C3F2C2DDF71003A0C48 /* SettingsRowView.swift in Sources */ = {isa = PBXBuildFile; fileRef = 26F50C3E2C2DDF71003A0C48 /* SettingsRowView.swift */; };
		26F50C412C2DDFBB003A0C48 /* User.swift in Sources */ = {isa = PBXBuildFile; fileRef = 26F50C402C2DDFBB003A0C48 /* User.swift */; };
		26F50C442C2DE1FE003A0C48 /* FirebaseAnalytics in Frameworks */ = {isa = PBXBuildFile; productRef = 26F50C432C2DE1FE003A0C48 /* FirebaseAnalytics */; };
		26F50C462C2DE1FE003A0C48 /* FirebaseAnalyticsWithoutAdIdSupport in Frameworks */ = {isa = PBXBuildFile; productRef = 26F50C452C2DE1FE003A0C48 /* FirebaseAnalyticsWithoutAdIdSupport */; };
		26F50C482C2DE1FE003A0C48 /* FirebaseAuth in Frameworks */ = {isa = PBXBuildFile; productRef = 26F50C472C2DE1FE003A0C48 /* FirebaseAuth */; };
		26F50C4A2C2DE1FE003A0C48 /* FirebaseAuthCombine-Community in Frameworks */ = {isa = PBXBuildFile; productRef = 26F50C492C2DE1FE003A0C48 /* FirebaseAuthCombine-Community */; };
		26F50C4C2C2DE1FE003A0C48 /* FirebaseCrashlytics in Frameworks */ = {isa = PBXBuildFile; productRef = 26F50C4B2C2DE1FE003A0C48 /* FirebaseCrashlytics */; };
		26F50C4E2C2DE1FE003A0C48 /* FirebaseDatabase in Frameworks */ = {isa = PBXBuildFile; productRef = 26F50C4D2C2DE1FE003A0C48 /* FirebaseDatabase */; };
		26F50C502C2DE1FE003A0C48 /* FirebaseDatabaseSwift in Frameworks */ = {isa = PBXBuildFile; productRef = 26F50C4F2C2DE1FE003A0C48 /* FirebaseDatabaseSwift */; };
		26F50C522C2DE1FE003A0C48 /* FirebaseFirestore in Frameworks */ = {isa = PBXBuildFile; productRef = 26F50C512C2DE1FE003A0C48 /* FirebaseFirestore */; };
		26F50C542C2DE1FE003A0C48 /* FirebaseFirestoreCombine-Community in Frameworks */ = {isa = PBXBuildFile; productRef = 26F50C532C2DE1FE003A0C48 /* FirebaseFirestoreCombine-Community */; };
		26F50C562C2DE1FE003A0C48 /* FirebaseFirestoreSwift in Frameworks */ = {isa = PBXBuildFile; productRef = 26F50C552C2DE1FE003A0C48 /* FirebaseFirestoreSwift */; };
		26F50C582C2DE1FE003A0C48 /* FirebaseStorage in Frameworks */ = {isa = PBXBuildFile; productRef = 26F50C572C2DE1FE003A0C48 /* FirebaseStorage */; };
		26F50C5A2C2DE1FE003A0C48 /* FirebaseStorageCombine-Community in Frameworks */ = {isa = PBXBuildFile; productRef = 26F50C592C2DE1FE003A0C48 /* FirebaseStorageCombine-Community */; };
		26F50C5F2C2DE3F5003A0C48 /* AuthViewModel.swift in Sources */ = {isa = PBXBuildFile; fileRef = 26F50C5E2C2DE3F5003A0C48 /* AuthViewModel.swift */; };
		3D1574C32C2E4ADD00FEB3C2 /* HealthManager.swift in Sources */ = {isa = PBXBuildFile; fileRef = 3D1574C22C2E4ADD00FEB3C2 /* HealthManager.swift */; };
		3D51649E2C2F7A5400E85666 /* CreateGroupScreen.swift in Sources */ = {isa = PBXBuildFile; fileRef = 3D51649D2C2F7A5400E85666 /* CreateGroupScreen.swift */; };
		3D5164A82C31C1ED00E85666 /* GoogleService-Info.plist in Resources */ = {isa = PBXBuildFile; fileRef = 3D5164A72C31C1ED00E85666 /* GoogleService-Info.plist */; };
		3D5164AD2C32205B00E85666 /* LeaderboardsView.swift in Sources */ = {isa = PBXBuildFile; fileRef = 3D5164AC2C32205B00E85666 /* LeaderboardsView.swift */; };
		3D5164AF2C3221F600E85666 /* GroupsComponent.swift in Sources */ = {isa = PBXBuildFile; fileRef = 3D5164AE2C3221F500E85666 /* GroupsComponent.swift */; };
		3D5164B12C32221800E85666 /* InidividualGroupView.swift in Sources */ = {isa = PBXBuildFile; fileRef = 3D5164B02C32221800E85666 /* InidividualGroupView.swift */; };
		3D5164B32C3259FF00E85666 /* RankComponent.swift in Sources */ = {isa = PBXBuildFile; fileRef = 3D5164B22C3259FF00E85666 /* RankComponent.swift */; };
		3D7402452C2E625F00D56C30 /* Step.swift in Sources */ = {isa = PBXBuildFile; fileRef = 3D7402442C2E625F00D56C30 /* Step.swift */; };
		3D7402472C2E74BC00D56C30 /* Group.swift in Sources */ = {isa = PBXBuildFile; fileRef = 3D7402462C2E74BC00D56C30 /* Group.swift */; };
		3D7402492C2F35D000D56C30 /* GroupID.swift in Sources */ = {isa = PBXBuildFile; fileRef = 3D7402482C2F35D000D56C30 /* GroupID.swift */; };
/* End PBXBuildFile section */

/* Begin PBXFileReference section */
		26146EB42C2D41DB001C2B7C /* Competifit.app */ = {isa = PBXFileReference; explicitFileType = wrapper.application; includeInIndex = 0; path = Competifit.app; sourceTree = BUILT_PRODUCTS_DIR; };
		26146EB72C2D41DB001C2B7C /* CompetifitApp.swift */ = {isa = PBXFileReference; lastKnownFileType = sourcecode.swift; path = CompetifitApp.swift; sourceTree = "<group>"; };
		26146EB92C2D41DB001C2B7C /* ContentView.swift */ = {isa = PBXFileReference; lastKnownFileType = sourcecode.swift; path = ContentView.swift; sourceTree = "<group>"; };
		26146EBD2C2D41DC001C2B7C /* Assets.xcassets */ = {isa = PBXFileReference; lastKnownFileType = folder.assetcatalog; path = Assets.xcassets; sourceTree = "<group>"; };
		26146EBF2C2D41DC001C2B7C /* Competifit.entitlements */ = {isa = PBXFileReference; lastKnownFileType = text.plist.entitlements; path = Competifit.entitlements; sourceTree = "<group>"; };
		26146EC12C2D41DC001C2B7C /* Preview Assets.xcassets */ = {isa = PBXFileReference; lastKnownFileType = folder.assetcatalog; path = "Preview Assets.xcassets"; sourceTree = "<group>"; };
		2654FCA32C3015CA00EFFCE3 /* GroupView.swift */ = {isa = PBXFileReference; lastKnownFileType = sourcecode.swift; path = GroupView.swift; sourceTree = "<group>"; };
		26F50C362C2DD447003A0C48 /* LoginView.swift */ = {isa = PBXFileReference; lastKnownFileType = sourcecode.swift; path = LoginView.swift; sourceTree = "<group>"; };
		26F50C382C2DD559003A0C48 /* InputView.swift */ = {isa = PBXFileReference; lastKnownFileType = sourcecode.swift; path = InputView.swift; sourceTree = "<group>"; };
		26F50C3A2C2DD80C003A0C48 /* RegistrationView.swift */ = {isa = PBXFileReference; lastKnownFileType = sourcecode.swift; path = RegistrationView.swift; sourceTree = "<group>"; };
		26F50C3C2C2DDC25003A0C48 /* ProfileView.swift */ = {isa = PBXFileReference; lastKnownFileType = sourcecode.swift; path = ProfileView.swift; sourceTree = "<group>"; };
		26F50C3E2C2DDF71003A0C48 /* SettingsRowView.swift */ = {isa = PBXFileReference; lastKnownFileType = sourcecode.swift; path = SettingsRowView.swift; sourceTree = "<group>"; };
		26F50C402C2DDFBB003A0C48 /* User.swift */ = {isa = PBXFileReference; lastKnownFileType = sourcecode.swift; path = User.swift; sourceTree = "<group>"; };
		26F50C5E2C2DE3F5003A0C48 /* AuthViewModel.swift */ = {isa = PBXFileReference; lastKnownFileType = sourcecode.swift; path = AuthViewModel.swift; sourceTree = "<group>"; };
		3D1574C22C2E4ADD00FEB3C2 /* HealthManager.swift */ = {isa = PBXFileReference; lastKnownFileType = sourcecode.swift; path = HealthManager.swift; sourceTree = "<group>"; };
		3D51649D2C2F7A5400E85666 /* CreateGroupScreen.swift */ = {isa = PBXFileReference; lastKnownFileType = sourcecode.swift; name = CreateGroupScreen.swift; path = Competifit/Model/CreateGroupScreen.swift; sourceTree = SOURCE_ROOT; };
		3D5164A72C31C1ED00E85666 /* GoogleService-Info.plist */ = {isa = PBXFileReference; fileEncoding = 4; lastKnownFileType = text.plist.xml; name = "GoogleService-Info.plist"; path = "../../../Downloads/GoogleService-Info.plist"; sourceTree = "<group>"; };
		3D5164AC2C32205B00E85666 /* LeaderboardsView.swift */ = {isa = PBXFileReference; lastKnownFileType = sourcecode.swift; path = LeaderboardsView.swift; sourceTree = "<group>"; };
		3D5164AE2C3221F500E85666 /* GroupsComponent.swift */ = {isa = PBXFileReference; lastKnownFileType = sourcecode.swift; path = GroupsComponent.swift; sourceTree = "<group>"; };
		3D5164B02C32221800E85666 /* InidividualGroupView.swift */ = {isa = PBXFileReference; lastKnownFileType = sourcecode.swift; path = InidividualGroupView.swift; sourceTree = "<group>"; };
		3D5164B22C3259FF00E85666 /* RankComponent.swift */ = {isa = PBXFileReference; lastKnownFileType = sourcecode.swift; path = RankComponent.swift; sourceTree = "<group>"; };
		3D7402442C2E625F00D56C30 /* Step.swift */ = {isa = PBXFileReference; lastKnownFileType = sourcecode.swift; path = Step.swift; sourceTree = "<group>"; };
		3D7402462C2E74BC00D56C30 /* Group.swift */ = {isa = PBXFileReference; lastKnownFileType = sourcecode.swift; path = Group.swift; sourceTree = "<group>"; };
		3D7402482C2F35D000D56C30 /* GroupID.swift */ = {isa = PBXFileReference; lastKnownFileType = sourcecode.swift; path = GroupID.swift; sourceTree = "<group>"; };
/* End PBXFileReference section */

/* Begin PBXFrameworksBuildPhase section */
		26146EB12C2D41DB001C2B7C /* Frameworks */ = {
			isa = PBXFrameworksBuildPhase;
			buildActionMask = 2147483647;
			files = (
				26F50C502C2DE1FE003A0C48 /* FirebaseDatabaseSwift in Frameworks */,
				26F50C4E2C2DE1FE003A0C48 /* FirebaseDatabase in Frameworks */,
				26F50C442C2DE1FE003A0C48 /* FirebaseAnalytics in Frameworks */,
				26F50C542C2DE1FE003A0C48 /* FirebaseFirestoreCombine-Community in Frameworks */,
				26F50C482C2DE1FE003A0C48 /* FirebaseAuth in Frameworks */,
				26F50C562C2DE1FE003A0C48 /* FirebaseFirestoreSwift in Frameworks */,
				26F50C4C2C2DE1FE003A0C48 /* FirebaseCrashlytics in Frameworks */,
				26F50C522C2DE1FE003A0C48 /* FirebaseFirestore in Frameworks */,
				26F50C582C2DE1FE003A0C48 /* FirebaseStorage in Frameworks */,
				26F50C462C2DE1FE003A0C48 /* FirebaseAnalyticsWithoutAdIdSupport in Frameworks */,
				26F50C5A2C2DE1FE003A0C48 /* FirebaseStorageCombine-Community in Frameworks */,
				26F50C4A2C2DE1FE003A0C48 /* FirebaseAuthCombine-Community in Frameworks */,
			);
			runOnlyForDeploymentPostprocessing = 0;
		};
/* End PBXFrameworksBuildPhase section */

/* Begin PBXGroup section */
		26146EAB2C2D41DB001C2B7C = {
			isa = PBXGroup;
			children = (
				26146EB62C2D41DB001C2B7C /* Competifit */,
				26146EB52C2D41DB001C2B7C /* Products */,
			);
			sourceTree = "<group>";
		};
		26146EB52C2D41DB001C2B7C /* Products */ = {
			isa = PBXGroup;
			children = (
				26146EB42C2D41DB001C2B7C /* Competifit.app */,
			);
			name = Products;
			sourceTree = "<group>";
		};
		26146EB62C2D41DB001C2B7C /* Competifit */ = {
			isa = PBXGroup;
			children = (
				26F50C322C2DD3B2003A0C48 /* Model */,
				26F50C312C2DD3A2003A0C48 /* Core */,
				26F50C302C2DD385003A0C48 /* Components */,
				26F50C2F2C2DD37D003A0C48 /* App */,
				26146EBD2C2D41DC001C2B7C /* Assets.xcassets */,
				26146EBF2C2D41DC001C2B7C /* Competifit.entitlements */,
				3D5164A72C31C1ED00E85666 /* GoogleService-Info.plist */,
				26146EC02C2D41DC001C2B7C /* Preview Content */,
			);
			path = Competifit;
			sourceTree = "<group>";
		};
		26146EC02C2D41DC001C2B7C /* Preview Content */ = {
			isa = PBXGroup;
			children = (
				26146EC12C2D41DC001C2B7C /* Preview Assets.xcassets */,
			);
			path = "Preview Content";
			sourceTree = "<group>";
		};
		26F50C2F2C2DD37D003A0C48 /* App */ = {
			isa = PBXGroup;
			children = (
				26146EB72C2D41DB001C2B7C /* CompetifitApp.swift */,
			);
			path = App;
			sourceTree = "<group>";
		};
		26F50C302C2DD385003A0C48 /* Components */ = {
			isa = PBXGroup;
			children = (
				26F50C382C2DD559003A0C48 /* InputView.swift */,
				26F50C3E2C2DDF71003A0C48 /* SettingsRowView.swift */,
			);
			path = Components;
			sourceTree = "<group>";
		};
		26F50C312C2DD3A2003A0C48 /* Core */ = {
			isa = PBXGroup;
			children = (
				3D5164AA2C32203800E85666 /* Leaderboards */,
				3D1574C12C2E4AD000FEB3C2 /* HealthKit */,
				26F50C352C2DD3FA003A0C48 /* Profile */,
				26F50C342C2DD3EB003A0C48 /* Authentication */,
				26F50C332C2DD3D2003A0C48 /* Root */,
			);
			path = Core;
			sourceTree = "<group>";
		};
		26F50C322C2DD3B2003A0C48 /* Model */ = {
			isa = PBXGroup;
			children = (
				26F50C402C2DDFBB003A0C48 /* User.swift */,
				3D7402442C2E625F00D56C30 /* Step.swift */,
				3D7402462C2E74BC00D56C30 /* Group.swift */,
				3D7402482C2F35D000D56C30 /* GroupID.swift */,
			);
			path = Model;
			sourceTree = "<group>";
		};
		26F50C332C2DD3D2003A0C48 /* Root */ = {
			isa = PBXGroup;
			children = (
				26146EB92C2D41DB001C2B7C /* ContentView.swift */,
			);
			path = Root;
			sourceTree = "<group>";
		};
		26F50C342C2DD3EB003A0C48 /* Authentication */ = {
			isa = PBXGroup;
			children = (
				26F50C5D2C2DE3E1003A0C48 /* ViewModel */,
				26F50C5B2C2DE3C3003A0C48 /* View */,
				26F50C362C2DD447003A0C48 /* LoginView.swift */,
				26F50C3A2C2DD80C003A0C48 /* RegistrationView.swift */,
			);
			path = Authentication;
			sourceTree = "<group>";
		};
		26F50C352C2DD3FA003A0C48 /* Profile */ = {
			isa = PBXGroup;
			children = (
				26F50C3C2C2DDC25003A0C48 /* ProfileView.swift */,
			);
			path = Profile;
			sourceTree = "<group>";
		};
		26F50C5B2C2DE3C3003A0C48 /* View */ = {
			isa = PBXGroup;
			children = (
				3D51649D2C2F7A5400E85666 /* CreateGroupScreen.swift */,
				2654FCA32C3015CA00EFFCE3 /* GroupView.swift */,
			);
			path = View;
			sourceTree = "<group>";
		};
		26F50C5D2C2DE3E1003A0C48 /* ViewModel */ = {
			isa = PBXGroup;
			children = (
				26F50C5E2C2DE3F5003A0C48 /* AuthViewModel.swift */,
			);
			path = ViewModel;
			sourceTree = "<group>";
		};
		3D1574C12C2E4AD000FEB3C2 /* HealthKit */ = {
			isa = PBXGroup;
			children = (
				3D1574C22C2E4ADD00FEB3C2 /* HealthManager.swift */,
			);
			path = HealthKit;
			sourceTree = "<group>";
		};
		3D5164AA2C32203800E85666 /* Leaderboards */ = {
			isa = PBXGroup;
			children = (
				3D5164AB2C32204700E85666 /* Components */,
				3D5164AC2C32205B00E85666 /* LeaderboardsView.swift */,
				3D5164B02C32221800E85666 /* InidividualGroupView.swift */,
			);
			path = Leaderboards;
			sourceTree = "<group>";
		};
		3D5164AB2C32204700E85666 /* Components */ = {
			isa = PBXGroup;
			children = (
				3D5164AE2C3221F500E85666 /* GroupsComponent.swift */,
				3D5164B22C3259FF00E85666 /* RankComponent.swift */,
			);
			path = Components;
			sourceTree = "<group>";
		};
/* End PBXGroup section */

/* Begin PBXNativeTarget section */
		26146EB32C2D41DB001C2B7C /* Competifit */ = {
			isa = PBXNativeTarget;
			buildConfigurationList = 26146EC52C2D41DC001C2B7C /* Build configuration list for PBXNativeTarget "Competifit" */;
			buildPhases = (
				26146EB02C2D41DB001C2B7C /* Sources */,
				26146EB12C2D41DB001C2B7C /* Frameworks */,
				26146EB22C2D41DB001C2B7C /* Resources */,
			);
			buildRules = (
			);
			dependencies = (
			);
			name = Competifit;
			packageProductDependencies = (
				26F50C432C2DE1FE003A0C48 /* FirebaseAnalytics */,
				26F50C452C2DE1FE003A0C48 /* FirebaseAnalyticsWithoutAdIdSupport */,
				26F50C472C2DE1FE003A0C48 /* FirebaseAuth */,
				26F50C492C2DE1FE003A0C48 /* FirebaseAuthCombine-Community */,
				26F50C4B2C2DE1FE003A0C48 /* FirebaseCrashlytics */,
				26F50C4D2C2DE1FE003A0C48 /* FirebaseDatabase */,
				26F50C4F2C2DE1FE003A0C48 /* FirebaseDatabaseSwift */,
				26F50C512C2DE1FE003A0C48 /* FirebaseFirestore */,
				26F50C532C2DE1FE003A0C48 /* FirebaseFirestoreCombine-Community */,
				26F50C552C2DE1FE003A0C48 /* FirebaseFirestoreSwift */,
				26F50C572C2DE1FE003A0C48 /* FirebaseStorage */,
				26F50C592C2DE1FE003A0C48 /* FirebaseStorageCombine-Community */,
			);
			productName = Competifit;
			productReference = 26146EB42C2D41DB001C2B7C /* Competifit.app */;
			productType = "com.apple.product-type.application";
		};
/* End PBXNativeTarget section */

/* Begin PBXProject section */
		26146EAC2C2D41DB001C2B7C /* Project object */ = {
			isa = PBXProject;
			attributes = {
				BuildIndependentTargetsInParallel = 1;
				LastSwiftUpdateCheck = 1540;
				LastUpgradeCheck = 1540;
				TargetAttributes = {
					26146EB32C2D41DB001C2B7C = {
						CreatedOnToolsVersion = 15.4;
					};
				};
			};
			buildConfigurationList = 26146EAF2C2D41DB001C2B7C /* Build configuration list for PBXProject "Competifit" */;
			compatibilityVersion = "Xcode 14.0";
			developmentRegion = en;
			hasScannedForEncodings = 0;
			knownRegions = (
				en,
				Base,
			);
			mainGroup = 26146EAB2C2D41DB001C2B7C;
			packageReferences = (
				26F50C422C2DE1FE003A0C48 /* XCRemoteSwiftPackageReference "firebase-ios-sdk" */,
			);
			productRefGroup = 26146EB52C2D41DB001C2B7C /* Products */;
			projectDirPath = "";
			projectRoot = "";
			targets = (
				26146EB32C2D41DB001C2B7C /* Competifit */,
			);
		};
/* End PBXProject section */

/* Begin PBXResourcesBuildPhase section */
		26146EB22C2D41DB001C2B7C /* Resources */ = {
			isa = PBXResourcesBuildPhase;
			buildActionMask = 2147483647;
			files = (
				26146EC22C2D41DC001C2B7C /* Preview Assets.xcassets in Resources */,
				26146EBE2C2D41DC001C2B7C /* Assets.xcassets in Resources */,
				3D5164A82C31C1ED00E85666 /* GoogleService-Info.plist in Resources */,
			);
			runOnlyForDeploymentPostprocessing = 0;
		};
/* End PBXResourcesBuildPhase section */

/* Begin PBXSourcesBuildPhase section */
		26146EB02C2D41DB001C2B7C /* Sources */ = {
			isa = PBXSourcesBuildPhase;
			buildActionMask = 2147483647;
			files = (
				3D7402452C2E625F00D56C30 /* Step.swift in Sources */,
				26F50C372C2DD447003A0C48 /* LoginView.swift in Sources */,
				2654FCA42C3015CA00EFFCE3 /* GroupView.swift in Sources */,
				26F50C392C2DD559003A0C48 /* InputView.swift in Sources */,
				3D5164AD2C32205B00E85666 /* LeaderboardsView.swift in Sources */,
				3D7402472C2E74BC00D56C30 /* Group.swift in Sources */,
				26146EBA2C2D41DB001C2B7C /* ContentView.swift in Sources */,
				3D5164B32C3259FF00E85666 /* RankComponent.swift in Sources */,
				3D51649E2C2F7A5400E85666 /* CreateGroupScreen.swift in Sources */,
				26146EB82C2D41DB001C2B7C /* CompetifitApp.swift in Sources */,
				26F50C412C2DDFBB003A0C48 /* User.swift in Sources */,
				26F50C3D2C2DDC25003A0C48 /* ProfileView.swift in Sources */,
				26F50C3B2C2DD80C003A0C48 /* RegistrationView.swift in Sources */,
				3D5164AF2C3221F600E85666 /* GroupsComponent.swift in Sources */,
				3D7402492C2F35D000D56C30 /* GroupID.swift in Sources */,
				26F50C3F2C2DDF71003A0C48 /* SettingsRowView.swift in Sources */,
				26F50C5F2C2DE3F5003A0C48 /* AuthViewModel.swift in Sources */,
				3D1574C32C2E4ADD00FEB3C2 /* HealthManager.swift in Sources */,
				3D5164B12C32221800E85666 /* InidividualGroupView.swift in Sources */,
			);
			runOnlyForDeploymentPostprocessing = 0;
		};
/* End PBXSourcesBuildPhase section */

/* Begin XCBuildConfiguration section */
		26146EC32C2D41DC001C2B7C /* Debug */ = {
			isa = XCBuildConfiguration;
			buildSettings = {
				ALWAYS_SEARCH_USER_PATHS = NO;
				ASSETCATALOG_COMPILER_GENERATE_SWIFT_ASSET_SYMBOL_EXTENSIONS = YES;
				CLANG_ANALYZER_NONNULL = YES;
				CLANG_ANALYZER_NUMBER_OBJECT_CONVERSION = YES_AGGRESSIVE;
				CLANG_CXX_LANGUAGE_STANDARD = "gnu++20";
				CLANG_ENABLE_MODULES = YES;
				CLANG_ENABLE_OBJC_ARC = YES;
				CLANG_ENABLE_OBJC_WEAK = YES;
				CLANG_WARN_BLOCK_CAPTURE_AUTORELEASING = YES;
				CLANG_WARN_BOOL_CONVERSION = YES;
				CLANG_WARN_COMMA = YES;
				CLANG_WARN_CONSTANT_CONVERSION = YES;
				CLANG_WARN_DEPRECATED_OBJC_IMPLEMENTATIONS = YES;
				CLANG_WARN_DIRECT_OBJC_ISA_USAGE = YES_ERROR;
				CLANG_WARN_DOCUMENTATION_COMMENTS = YES;
				CLANG_WARN_EMPTY_BODY = YES;
				CLANG_WARN_ENUM_CONVERSION = YES;
				CLANG_WARN_INFINITE_RECURSION = YES;
				CLANG_WARN_INT_CONVERSION = YES;
				CLANG_WARN_NON_LITERAL_NULL_CONVERSION = YES;
				CLANG_WARN_OBJC_IMPLICIT_RETAIN_SELF = YES;
				CLANG_WARN_OBJC_LITERAL_CONVERSION = YES;
				CLANG_WARN_OBJC_ROOT_CLASS = YES_ERROR;
				CLANG_WARN_QUOTED_INCLUDE_IN_FRAMEWORK_HEADER = YES;
				CLANG_WARN_RANGE_LOOP_ANALYSIS = YES;
				CLANG_WARN_STRICT_PROTOTYPES = YES;
				CLANG_WARN_SUSPICIOUS_MOVE = YES;
				CLANG_WARN_UNGUARDED_AVAILABILITY = YES_AGGRESSIVE;
				CLANG_WARN_UNREACHABLE_CODE = YES;
				CLANG_WARN__DUPLICATE_METHOD_MATCH = YES;
				COPY_PHASE_STRIP = NO;
				DEBUG_INFORMATION_FORMAT = dwarf;
				ENABLE_STRICT_OBJC_MSGSEND = YES;
				ENABLE_TESTABILITY = YES;
				ENABLE_USER_SCRIPT_SANDBOXING = YES;
				GCC_C_LANGUAGE_STANDARD = gnu17;
				GCC_DYNAMIC_NO_PIC = NO;
				GCC_NO_COMMON_BLOCKS = YES;
				GCC_OPTIMIZATION_LEVEL = 0;
				GCC_PREPROCESSOR_DEFINITIONS = (
					"DEBUG=1",
					"$(inherited)",
				);
				GCC_WARN_64_TO_32_BIT_CONVERSION = YES;
				GCC_WARN_ABOUT_RETURN_TYPE = YES_ERROR;
				GCC_WARN_UNDECLARED_SELECTOR = YES;
				GCC_WARN_UNINITIALIZED_AUTOS = YES_AGGRESSIVE;
				GCC_WARN_UNUSED_FUNCTION = YES;
				GCC_WARN_UNUSED_VARIABLE = YES;
				LOCALIZATION_PREFERS_STRING_CATALOGS = YES;
				MTL_ENABLE_DEBUG_INFO = INCLUDE_SOURCE;
				MTL_FAST_MATH = YES;
				ONLY_ACTIVE_ARCH = YES;
				SWIFT_ACTIVE_COMPILATION_CONDITIONS = "DEBUG $(inherited)";
				SWIFT_OPTIMIZATION_LEVEL = "-Onone";
			};
			name = Debug;
		};
		26146EC42C2D41DC001C2B7C /* Release */ = {
			isa = XCBuildConfiguration;
			buildSettings = {
				ALWAYS_SEARCH_USER_PATHS = NO;
				ASSETCATALOG_COMPILER_GENERATE_SWIFT_ASSET_SYMBOL_EXTENSIONS = YES;
				CLANG_ANALYZER_NONNULL = YES;
				CLANG_ANALYZER_NUMBER_OBJECT_CONVERSION = YES_AGGRESSIVE;
				CLANG_CXX_LANGUAGE_STANDARD = "gnu++20";
				CLANG_ENABLE_MODULES = YES;
				CLANG_ENABLE_OBJC_ARC = YES;
				CLANG_ENABLE_OBJC_WEAK = YES;
				CLANG_WARN_BLOCK_CAPTURE_AUTORELEASING = YES;
				CLANG_WARN_BOOL_CONVERSION = YES;
				CLANG_WARN_COMMA = YES;
				CLANG_WARN_CONSTANT_CONVERSION = YES;
				CLANG_WARN_DEPRECATED_OBJC_IMPLEMENTATIONS = YES;
				CLANG_WARN_DIRECT_OBJC_ISA_USAGE = YES_ERROR;
				CLANG_WARN_DOCUMENTATION_COMMENTS = YES;
				CLANG_WARN_EMPTY_BODY = YES;
				CLANG_WARN_ENUM_CONVERSION = YES;
				CLANG_WARN_INFINITE_RECURSION = YES;
				CLANG_WARN_INT_CONVERSION = YES;
				CLANG_WARN_NON_LITERAL_NULL_CONVERSION = YES;
				CLANG_WARN_OBJC_IMPLICIT_RETAIN_SELF = YES;
				CLANG_WARN_OBJC_LITERAL_CONVERSION = YES;
				CLANG_WARN_OBJC_ROOT_CLASS = YES_ERROR;
				CLANG_WARN_QUOTED_INCLUDE_IN_FRAMEWORK_HEADER = YES;
				CLANG_WARN_RANGE_LOOP_ANALYSIS = YES;
				CLANG_WARN_STRICT_PROTOTYPES = YES;
				CLANG_WARN_SUSPICIOUS_MOVE = YES;
				CLANG_WARN_UNGUARDED_AVAILABILITY = YES_AGGRESSIVE;
				CLANG_WARN_UNREACHABLE_CODE = YES;
				CLANG_WARN__DUPLICATE_METHOD_MATCH = YES;
				COPY_PHASE_STRIP = NO;
				DEBUG_INFORMATION_FORMAT = "dwarf-with-dsym";
				ENABLE_NS_ASSERTIONS = NO;
				ENABLE_STRICT_OBJC_MSGSEND = YES;
				ENABLE_USER_SCRIPT_SANDBOXING = YES;
				GCC_C_LANGUAGE_STANDARD = gnu17;
				GCC_NO_COMMON_BLOCKS = YES;
				GCC_WARN_64_TO_32_BIT_CONVERSION = YES;
				GCC_WARN_ABOUT_RETURN_TYPE = YES_ERROR;
				GCC_WARN_UNDECLARED_SELECTOR = YES;
				GCC_WARN_UNINITIALIZED_AUTOS = YES_AGGRESSIVE;
				GCC_WARN_UNUSED_FUNCTION = YES;
				GCC_WARN_UNUSED_VARIABLE = YES;
				LOCALIZATION_PREFERS_STRING_CATALOGS = YES;
				MTL_ENABLE_DEBUG_INFO = NO;
				MTL_FAST_MATH = YES;
				SWIFT_COMPILATION_MODE = wholemodule;
			};
			name = Release;
		};
		26146EC62C2D41DC001C2B7C /* Debug */ = {
			isa = XCBuildConfiguration;
			buildSettings = {
				ASSETCATALOG_COMPILER_APPICON_NAME = AppIcon;
				ASSETCATALOG_COMPILER_GLOBAL_ACCENT_COLOR_NAME = AccentColor;
				CODE_SIGN_ENTITLEMENTS = Competifit/Competifit.entitlements;
				"CODE_SIGN_IDENTITY[sdk=macosx*]" = "Apple Development";
				CODE_SIGN_STYLE = Automatic;
				CURRENT_PROJECT_VERSION = 1;
				DEVELOPMENT_ASSET_PATHS = "\"Competifit/Preview Content\"";
				DEVELOPMENT_TEAM = HR2LZ72H2J;
				ENABLE_HARDENED_RUNTIME = YES;
				ENABLE_PREVIEWS = YES;
				GENERATE_INFOPLIST_FILE = YES;
				INFOPLIST_KEY_NSHealthClinicalHealthRecordsShareUsageDescription = "We need this to get your steps.";
				INFOPLIST_KEY_NSHealthShareUsageDescription = "We need this to get your steps.";
				INFOPLIST_KEY_NSHealthUpdateUsageDescription = "We need this to get your steps.";
				"INFOPLIST_KEY_UIApplicationSceneManifest_Generation[sdk=iphoneos*]" = YES;
				"INFOPLIST_KEY_UIApplicationSceneManifest_Generation[sdk=iphonesimulator*]" = YES;
				"INFOPLIST_KEY_UIApplicationSupportsIndirectInputEvents[sdk=iphoneos*]" = YES;
				"INFOPLIST_KEY_UIApplicationSupportsIndirectInputEvents[sdk=iphonesimulator*]" = YES;
				"INFOPLIST_KEY_UILaunchScreen_Generation[sdk=iphoneos*]" = YES;
				"INFOPLIST_KEY_UILaunchScreen_Generation[sdk=iphonesimulator*]" = YES;
				"INFOPLIST_KEY_UIStatusBarStyle[sdk=iphoneos*]" = UIStatusBarStyleDefault;
				"INFOPLIST_KEY_UIStatusBarStyle[sdk=iphonesimulator*]" = UIStatusBarStyleDefault;
				INFOPLIST_KEY_UISupportedInterfaceOrientations_iPad = "UIInterfaceOrientationPortrait UIInterfaceOrientationPortraitUpsideDown UIInterfaceOrientationLandscapeLeft UIInterfaceOrientationLandscapeRight";
				INFOPLIST_KEY_UISupportedInterfaceOrientations_iPhone = "UIInterfaceOrientationPortrait UIInterfaceOrientationLandscapeLeft UIInterfaceOrientationLandscapeRight";
				IPHONEOS_DEPLOYMENT_TARGET = 17.5;
				LD_RUNPATH_SEARCH_PATHS = "@executable_path/Frameworks";
				"LD_RUNPATH_SEARCH_PATHS[sdk=macosx*]" = "@executable_path/../Frameworks";
				MACOSX_DEPLOYMENT_TARGET = 14.0;
				MARKETING_VERSION = 1.0;
				PRODUCT_BUNDLE_IDENTIFIER = com.fitness.Competifit;
				PRODUCT_NAME = "$(TARGET_NAME)";
				SDKROOT = auto;
				SUPPORTED_PLATFORMS = "iphoneos iphonesimulator macosx";
				SWIFT_EMIT_LOC_STRINGS = YES;
				SWIFT_VERSION = 5.0;
				TARGETED_DEVICE_FAMILY = "1,2";
			};
			name = Debug;
		};
		26146EC72C2D41DC001C2B7C /* Release */ = {
			isa = XCBuildConfiguration;
			buildSettings = {
				ASSETCATALOG_COMPILER_APPICON_NAME = AppIcon;
				ASSETCATALOG_COMPILER_GLOBAL_ACCENT_COLOR_NAME = AccentColor;
				CODE_SIGN_ENTITLEMENTS = Competifit/Competifit.entitlements;
				"CODE_SIGN_IDENTITY[sdk=macosx*]" = "Apple Development";
				CODE_SIGN_STYLE = Automatic;
				CURRENT_PROJECT_VERSION = 1;
				DEVELOPMENT_ASSET_PATHS = "\"Competifit/Preview Content\"";
				DEVELOPMENT_TEAM = HR2LZ72H2J;
				ENABLE_HARDENED_RUNTIME = YES;
				ENABLE_PREVIEWS = YES;
				GENERATE_INFOPLIST_FILE = YES;
				INFOPLIST_KEY_NSHealthClinicalHealthRecordsShareUsageDescription = "We need this to get your steps.";
				INFOPLIST_KEY_NSHealthShareUsageDescription = "We need this to get your steps.";
				INFOPLIST_KEY_NSHealthUpdateUsageDescription = "We need this to get your steps.";
				"INFOPLIST_KEY_UIApplicationSceneManifest_Generation[sdk=iphoneos*]" = YES;
				"INFOPLIST_KEY_UIApplicationSceneManifest_Generation[sdk=iphonesimulator*]" = YES;
				"INFOPLIST_KEY_UIApplicationSupportsIndirectInputEvents[sdk=iphoneos*]" = YES;
				"INFOPLIST_KEY_UIApplicationSupportsIndirectInputEvents[sdk=iphonesimulator*]" = YES;
				"INFOPLIST_KEY_UILaunchScreen_Generation[sdk=iphoneos*]" = YES;
				"INFOPLIST_KEY_UILaunchScreen_Generation[sdk=iphonesimulator*]" = YES;
				"INFOPLIST_KEY_UIStatusBarStyle[sdk=iphoneos*]" = UIStatusBarStyleDefault;
				"INFOPLIST_KEY_UIStatusBarStyle[sdk=iphonesimulator*]" = UIStatusBarStyleDefault;
				INFOPLIST_KEY_UISupportedInterfaceOrientations_iPad = "UIInterfaceOrientationPortrait UIInterfaceOrientationPortraitUpsideDown UIInterfaceOrientationLandscapeLeft UIInterfaceOrientationLandscapeRight";
				INFOPLIST_KEY_UISupportedInterfaceOrientations_iPhone = "UIInterfaceOrientationPortrait UIInterfaceOrientationLandscapeLeft UIInterfaceOrientationLandscapeRight";
				IPHONEOS_DEPLOYMENT_TARGET = 17.5;
				LD_RUNPATH_SEARCH_PATHS = "@executable_path/Frameworks";
				"LD_RUNPATH_SEARCH_PATHS[sdk=macosx*]" = "@executable_path/../Frameworks";
				MACOSX_DEPLOYMENT_TARGET = 14.0;
				MARKETING_VERSION = 1.0;
				PRODUCT_BUNDLE_IDENTIFIER = com.fitness.Competifit;
				PRODUCT_NAME = "$(TARGET_NAME)";
				SDKROOT = auto;
				SUPPORTED_PLATFORMS = "iphoneos iphonesimulator macosx";
				SWIFT_EMIT_LOC_STRINGS = YES;
				SWIFT_VERSION = 5.0;
				TARGETED_DEVICE_FAMILY = "1,2";
			};
			name = Release;
		};
/* End XCBuildConfiguration section */

/* Begin XCConfigurationList section */
		26146EAF2C2D41DB001C2B7C /* Build configuration list for PBXProject "Competifit" */ = {
			isa = XCConfigurationList;
			buildConfigurations = (
				26146EC32C2D41DC001C2B7C /* Debug */,
				26146EC42C2D41DC001C2B7C /* Release */,
			);
			defaultConfigurationIsVisible = 0;
			defaultConfigurationName = Release;
		};
		26146EC52C2D41DC001C2B7C /* Build configuration list for PBXNativeTarget "Competifit" */ = {
			isa = XCConfigurationList;
			buildConfigurations = (
				26146EC62C2D41DC001C2B7C /* Debug */,
				26146EC72C2D41DC001C2B7C /* Release */,
			);
			defaultConfigurationIsVisible = 0;
			defaultConfigurationName = Release;
		};
/* End XCConfigurationList section */

/* Begin XCRemoteSwiftPackageReference section */
		26F50C422C2DE1FE003A0C48 /* XCRemoteSwiftPackageReference "firebase-ios-sdk" */ = {
			isa = XCRemoteSwiftPackageReference;
			repositoryURL = "https://github.com/firebase/firebase-ios-sdk";
			requirement = {
				kind = upToNextMajorVersion;
				minimumVersion = 10.28.1;
			};
		};
/* End XCRemoteSwiftPackageReference section */

/* Begin XCSwiftPackageProductDependency section */
		26F50C432C2DE1FE003A0C48 /* FirebaseAnalytics */ = {
			isa = XCSwiftPackageProductDependency;
			package = 26F50C422C2DE1FE003A0C48 /* XCRemoteSwiftPackageReference "firebase-ios-sdk" */;
			productName = FirebaseAnalytics;
		};
		26F50C452C2DE1FE003A0C48 /* FirebaseAnalyticsWithoutAdIdSupport */ = {
			isa = XCSwiftPackageProductDependency;
			package = 26F50C422C2DE1FE003A0C48 /* XCRemoteSwiftPackageReference "firebase-ios-sdk" */;
			productName = FirebaseAnalyticsWithoutAdIdSupport;
		};
		26F50C472C2DE1FE003A0C48 /* FirebaseAuth */ = {
			isa = XCSwiftPackageProductDependency;
			package = 26F50C422C2DE1FE003A0C48 /* XCRemoteSwiftPackageReference "firebase-ios-sdk" */;
			productName = FirebaseAuth;
		};
		26F50C492C2DE1FE003A0C48 /* FirebaseAuthCombine-Community */ = {
			isa = XCSwiftPackageProductDependency;
			package = 26F50C422C2DE1FE003A0C48 /* XCRemoteSwiftPackageReference "firebase-ios-sdk" */;
			productName = "FirebaseAuthCombine-Community";
		};
		26F50C4B2C2DE1FE003A0C48 /* FirebaseCrashlytics */ = {
			isa = XCSwiftPackageProductDependency;
			package = 26F50C422C2DE1FE003A0C48 /* XCRemoteSwiftPackageReference "firebase-ios-sdk" */;
			productName = FirebaseCrashlytics;
		};
		26F50C4D2C2DE1FE003A0C48 /* FirebaseDatabase */ = {
			isa = XCSwiftPackageProductDependency;
			package = 26F50C422C2DE1FE003A0C48 /* XCRemoteSwiftPackageReference "firebase-ios-sdk" */;
			productName = FirebaseDatabase;
		};
		26F50C4F2C2DE1FE003A0C48 /* FirebaseDatabaseSwift */ = {
			isa = XCSwiftPackageProductDependency;
			package = 26F50C422C2DE1FE003A0C48 /* XCRemoteSwiftPackageReference "firebase-ios-sdk" */;
			productName = FirebaseDatabaseSwift;
		};
		26F50C512C2DE1FE003A0C48 /* FirebaseFirestore */ = {
			isa = XCSwiftPackageProductDependency;
			package = 26F50C422C2DE1FE003A0C48 /* XCRemoteSwiftPackageReference "firebase-ios-sdk" */;
			productName = FirebaseFirestore;
		};
		26F50C532C2DE1FE003A0C48 /* FirebaseFirestoreCombine-Community */ = {
			isa = XCSwiftPackageProductDependency;
			package = 26F50C422C2DE1FE003A0C48 /* XCRemoteSwiftPackageReference "firebase-ios-sdk" */;
			productName = "FirebaseFirestoreCombine-Community";
		};
		26F50C552C2DE1FE003A0C48 /* FirebaseFirestoreSwift */ = {
			isa = XCSwiftPackageProductDependency;
			package = 26F50C422C2DE1FE003A0C48 /* XCRemoteSwiftPackageReference "firebase-ios-sdk" */;
			productName = FirebaseFirestoreSwift;
		};
		26F50C572C2DE1FE003A0C48 /* FirebaseStorage */ = {
			isa = XCSwiftPackageProductDependency;
			package = 26F50C422C2DE1FE003A0C48 /* XCRemoteSwiftPackageReference "firebase-ios-sdk" */;
			productName = FirebaseStorage;
		};
		26F50C592C2DE1FE003A0C48 /* FirebaseStorageCombine-Community */ = {
			isa = XCSwiftPackageProductDependency;
			package = 26F50C422C2DE1FE003A0C48 /* XCRemoteSwiftPackageReference "firebase-ios-sdk" */;
			productName = "FirebaseStorageCombine-Community";
		};
/* End XCSwiftPackageProductDependency section */
	};
	rootObject = 26146EAC2C2D41DB001C2B7C /* Project object */;
}
